// !$*UTF8*$!
{
	archiveVersion = 1;
	classes = {
	};
	objectVersion = 77;
	objects = {

/* Begin PBXBuildFile section */
		00F9837B481316A4C0530C31 /* PackWriter.swift in Sources */ = {isa = PBXBuildFile; fileRef = 7D4FBBDF58D2B44978C704EE /* PackWriter.swift */; };
		0BBEEE2F193FF01B30649432 /* AppModelTests.swift in Sources */ = {isa = PBXBuildFile; fileRef = D60329359BEEEF23CBA6097C /* AppModelTests.swift */; };
		0D474C2D07F7A26E63D75712 /* CodableColor.swift in Sources */ = {isa = PBXBuildFile; fileRef = 2C7DB3DC3FE5DDB6740D4C69 /* CodableColor.swift */; };
		10051CC54025B0D4438C48DF /* OverlayRendererTests.swift in Sources */ = {isa = PBXBuildFile; fileRef = 5EE02AEBFB478CDE088F1DEB /* OverlayRendererTests.swift */; };
		13D14D7EA7FBA6DD82D95109 /* HistoryView.swift in Sources */ = {isa = PBXBuildFile; fileRef = 078CB4D0C0960A8AF20B032F /* HistoryView.swift */; };
		1578B601468A3ACEBEA38F44 /* PresetStore.swift in Sources */ = {isa = PBXBuildFile; fileRef = 0162ABB3B341663030FD890F /* PresetStore.swift */; };
		16B841691F974ADAFC692A31 /* IconTask.swift in Sources */ = {isa = PBXBuildFile; fileRef = 9BB9B14DECF02FBF3A2E5EBB /* IconTask.swift */; };
		170607A212FEE28FD48AF59C /* Suggestion.swift in Sources */ = {isa = PBXBuildFile; fileRef = CFF8108BC19FE668435105AF /* Suggestion.swift */; };
		17A6C0A14B4FF845B273461F /* AppIcon.icns in Resources */ = {isa = PBXBuildFile; fileRef = 924D9EE2D6BF04C5EA31EC11 /* AppIcon.icns */; };
		1A14FEFD6767D6C974EB5819 /* ControlsView.swift in Sources */ = {isa = PBXBuildFile; fileRef = 1CB0911FF8635FF2CF356D4A /* ControlsView.swift */; };
		1E085A2FE04984AE7A7BF03C /* ApplyCoordinator.swift in Sources */ = {isa = PBXBuildFile; fileRef = B2BBDA62DF07FE22FED7C65A /* ApplyCoordinator.swift */; };
		1E94CC78757172E43FADBFD1 /* Preset.swift in Sources */ = {isa = PBXBuildFile; fileRef = 1DB1AE63EF9CAB1C55BF567E /* Preset.swift */; };
		1F241D827E3D3188B8D32EC9 /* FolderArtTests.swift in Sources */ = {isa = PBXBuildFile; fileRef = 52990AC15E576E0D76436F0D /* FolderArtTests.swift */; };
		228C204E5BCD2D05C84838C2 /* restricted-symbols.txt in Resources */ = {isa = PBXBuildFile; fileRef = F0C60917E085AAACA1DE062B /* restricted-symbols.txt */; };
		22D94A204DAEA9EDC95B885E /* IconComposerTests.swift in Sources */ = {isa = PBXBuildFile; fileRef = D27276A44F5727DA9071A647 /* IconComposerTests.swift */; };
		2857F0EFB46B56B54184DB40 /* BookmarkManager.swift in Sources */ = {isa = PBXBuildFile; fileRef = 443675269CBE370462363D0D /* BookmarkManager.swift */; };
		29FD92412658A0AA5D3D7C7F /* BookmarkManagerTests.swift in Sources */ = {isa = PBXBuildFile; fileRef = A1413684D8590492917E00AF /* BookmarkManagerTests.swift */; };
		2A0776B44C0B36A28BC3924A /* PresetStripView.swift in Sources */ = {isa = PBXBuildFile; fileRef = B1C5ED3EA64E6E89043EB142 /* PresetStripView.swift */; };
		2BA8F98E2BBFB00329FB9AB9 /* PackTests.swift in Sources */ = {isa = PBXBuildFile; fileRef = F4FDD32B97DE03E4B82E9256 /* PackTests.swift */; };
		3C1DB18EEEF2C54CC1A7B134 /* PresetImporterTests.swift in Sources */ = {isa = PBXBuildFile; fileRef = BBFC640AD6929557A5A8836B /* PresetImporterTests.swift */; };
		41E18E2B109179ED24A22461 /* PackReader.swift in Sources */ = {isa = PBXBuildFile; fileRef = 52CB486E8BF2EC081D719C26 /* PackReader.swift */; };
		4DAE2B732E80BEA67DE72D86 /* FileIdentityTests.swift in Sources */ = {isa = PBXBuildFile; fileRef = E2E620EEF7BF40816D92451F /* FileIdentityTests.swift */; };
		4F7B042A64FE8820F39F9B0A /* PresetStoreTests.swift in Sources */ = {isa = PBXBuildFile; fileRef = E6C12619979901BAA4F0ACF7 /* PresetStoreTests.swift */; };
		4F8F30C5FF3DF177E1275132 /* OverlayRenderer.swift in Sources */ = {isa = PBXBuildFile; fileRef = 1946BB2EC721EA592675228F /* OverlayRenderer.swift */; };
		51AEFCEB51A574101AD25DBC /* FolderListView.swift in Sources */ = {isa = PBXBuildFile; fileRef = 8EC0E1A55C6D47150442E2BF /* FolderListView.swift */; };
		52DE234466FDDD9A1FD19C7B /* SuggestionEngine.swift in Sources */ = {isa = PBXBuildFile; fileRef = 96E7E61697579BBEC2656D90 /* SuggestionEngine.swift */; };
		56BE7EE712939472DD7A24E5 /* FolderIconManagerTests.swift in Sources */ = {isa = PBXBuildFile; fileRef = C404EB929706FB4251F7441B /* FolderIconManagerTests.swift */; };
		5AA64FCACB1BFB0670E149F7 /* FolderSelection.swift in Sources */ = {isa = PBXBuildFile; fileRef = 79B32F2E4CCED86453A4AE2A /* FolderSelection.swift */; };
		5FA6D56ACFF1D67D6B53BDC0 /* SymbolCatalog.swift in Sources */ = {isa = PBXBuildFile; fileRef = 09A2D6D7F0354394BC163CA8 /* SymbolCatalog.swift */; };
		60C59C040FAE20A5693B0128 /* OverlayStateTests.swift in Sources */ = {isa = PBXBuildFile; fileRef = E6D9C6B436BD80D8EB6DA88D /* OverlayStateTests.swift */; };
		62F5A2EAAF5949B5B7C9AA5D /* AppModel.swift in Sources */ = {isa = PBXBuildFile; fileRef = F74B732B0BC4657BE6429208 /* AppModel.swift */; };
		68AE095A80210701F39467C4 /* SuggestionEngineTests.swift in Sources */ = {isa = PBXBuildFile; fileRef = 3AB94FB8D6D12BBEB82689E8 /* SuggestionEngineTests.swift */; };
		6AB38E3C1A9D1E96DE0CE38F /* SuggestionDictionaryTests.swift in Sources */ = {isa = PBXBuildFile; fileRef = 38A81799CE8A48D1556863A3 /* SuggestionDictionaryTests.swift */; };
		6D62D70A8556D0DF15E26B79 /* CodableStoreTests.swift in Sources */ = {isa = PBXBuildFile; fileRef = F32AF64C6BC7076BB5980869 /* CodableStoreTests.swift */; };
		72268D2971AF2E0DB37123C4 /* DropZoneView.swift in Sources */ = {isa = PBXBuildFile; fileRef = A9A0E82244158396C217FC8F /* DropZoneView.swift */; };
		742E3A1DF583F4C388AF033F /* IconTaskTests.swift in Sources */ = {isa = PBXBuildFile; fileRef = 1F5FEB1EF88C67CE6BAF8C51 /* IconTaskTests.swift */; };
		7606511DB9E310ED197C4AFD /* AssetStore.swift in Sources */ = {isa = PBXBuildFile; fileRef = EBD35A03399A8B8D6D621A34 /* AssetStore.swift */; };
		7DD6BEA6B745099082DE7B7C /* FolderIconManager.swift in Sources */ = {isa = PBXBuildFile; fileRef = 044DE538A5614FC88683B7C0 /* FolderIconManager.swift */; };
		904C581F16020CE21261E00E /* Pack.swift in Sources */ = {isa = PBXBuildFile; fileRef = F33F3C060DF945BE5D432A72 /* Pack.swift */; };
		93CADD822960CA739C001168 /* ApplyCoordinatorTests.swift in Sources */ = {isa = PBXBuildFile; fileRef = 528F279569DB83199B8EBE70 /* ApplyCoordinatorTests.swift */; };
		951F69E25910DD6C24DB9AF5 /* ContentView.swift in Sources */ = {isa = PBXBuildFile; fileRef = 92EC6034740091CF94285965 /* ContentView.swift */; };
		9D407DB3F8AD81F2B34FE1AF /* CodableStore.swift in Sources */ = {isa = PBXBuildFile; fileRef = B2FFCE0DAEEB271B51CEAC6E /* CodableStore.swift */; };
		A7A55AAF3C49496A09E70042 /* SymbolGridView.swift in Sources */ = {isa = PBXBuildFile; fileRef = DBD72D9929DA31F59FD2C696 /* SymbolGridView.swift */; };
		AC1F7A79E6D6FF48D620D6C1 /* SymbolCatalogTests.swift in Sources */ = {isa = PBXBuildFile; fileRef = 89A2A9BA2B67B7E024218066 /* SymbolCatalogTests.swift */; };
		B11F8E9D3AA59F809A2FDB49 /* BitmapCanvas.swift in Sources */ = {isa = PBXBuildFile; fileRef = 4C0555F275B99E4B244FC7B4 /* BitmapCanvas.swift */; };
		B519A6CF2F2CB4B1C31DE178 /* AssetStoreTests.swift in Sources */ = {isa = PBXBuildFile; fileRef = 886BBDCAA1FFC90002F4AAAD /* AssetStoreTests.swift */; };
		B967EF7413192528205016D8 /* FileIdentity.swift in Sources */ = {isa = PBXBuildFile; fileRef = C56B6350BCEAEC37C0011C2D /* FileIdentity.swift */; };
		BCC884BEC8309F2426275ECB /* suggestions.json in Resources */ = {isa = PBXBuildFile; fileRef = 79612AA7493837023B727FF2 /* suggestions.json */; };
		C2C2C06A4F730D6E9BB33088 /* HistoryStore.swift in Sources */ = {isa = PBXBuildFile; fileRef = 502339979955DC1D1A8FEBD5 /* HistoryStore.swift */; };
		C75DC3BDDEED1C874F45C6FD /* OverlayTests.swift in Sources */ = {isa = PBXBuildFile; fileRef = 4110F76F80F389FC528E43DD /* OverlayTests.swift */; };
		C7ED163720D509FD3622491F /* CompositionSettings.swift in Sources */ = {isa = PBXBuildFile; fileRef = 03397CAD3F70160DD2C879B4 /* CompositionSettings.swift */; };
		CA0CEF06231A91F28BE15B00 /* CompositionSettingsTests.swift in Sources */ = {isa = PBXBuildFile; fileRef = E375CA9DF3C69A4C35F16593 /* CompositionSettingsTests.swift */; };
		CA29B5C1E88D6CD944DF86B1 /* SuggestionDictionary.swift in Sources */ = {isa = PBXBuildFile; fileRef = 3C896FE93D4736373D7AA1BF /* SuggestionDictionary.swift */; };
		D2B921E9EE891F3E86E24E69 /* MaintenanceSweepTests.swift in Sources */ = {isa = PBXBuildFile; fileRef = F93D854D4BE08BA90FAF3C91 /* MaintenanceSweepTests.swift */; };
		D4BB903736EDCD202633E4D4 /* SuggestionStripView.swift in Sources */ = {isa = PBXBuildFile; fileRef = 98D0652D0329BED1EAE76CEF /* SuggestionStripView.swift */; };
		D5288870CA8B6B79063E2678 /* PresetImporter.swift in Sources */ = {isa = PBXBuildFile; fileRef = FE2203683A052D8D35C6E6D1 /* PresetImporter.swift */; };
		D63271B05EC32948AA5699D5 /* HistoryStoreTests.swift in Sources */ = {isa = PBXBuildFile; fileRef = 2D4A42B200F3ECC9F84481CA /* HistoryStoreTests.swift */; };
		D9C2EA7379E6DAC82AF8C324 /* PreviewView.swift in Sources */ = {isa = PBXBuildFile; fileRef = 1E18E5BA0DAEA82E40824B8A /* PreviewView.swift */; };
		DE6BDD1B58D56A95DEB816B1 /* Overlay.swift in Sources */ = {isa = PBXBuildFile; fileRef = 948C526800FD33239F8ECEE6 /* Overlay.swift */; };
		E1C67CBC82DD295E2B99CFAB /* FolderSelectionTests.swift in Sources */ = {isa = PBXBuildFile; fileRef = 1C5944BF34C57A82B4B69FC7 /* FolderSelectionTests.swift */; };
		E9AD2EAFFA42AADE8A9FC01B /* OverlayState.swift in Sources */ = {isa = PBXBuildFile; fileRef = 5756A3CABD998E75D8AD6787 /* OverlayState.swift */; };
		EB122DD5941E87901BDD373E /* MaintenanceSweep.swift in Sources */ = {isa = PBXBuildFile; fileRef = 056AA67AC312C71036E58A65 /* MaintenanceSweep.swift */; };
		EC0C479C039CA3CAC97A9B5A /* TestSupport.swift in Sources */ = {isa = PBXBuildFile; fileRef = 14655BB80BEA4FC7C2C3D286 /* TestSupport.swift */; };
		F7D6459F55FCCA1C2478C13F /* OverlayPickerView.swift in Sources */ = {isa = PBXBuildFile; fileRef = 52036C68722BE2C67F3B7A5C /* OverlayPickerView.swift */; };
		FC1CA54974A6975956A585DE /* IconComposer.swift in Sources */ = {isa = PBXBuildFile; fileRef = E11E4CC866B6C3E295A97D66 /* IconComposer.swift */; };
		FCD39F7074BA23F352A74D16 /* FolderArtApp.swift in Sources */ = {isa = PBXBuildFile; fileRef = C48C29BB5C87E4E4E977BF06 /* FolderArtApp.swift */; };
		FF2B3FAA8B331CFC29108353 /* CodableColorTests.swift in Sources */ = {isa = PBXBuildFile; fileRef = D5D06C1860356B1F2AA71A37 /* CodableColorTests.swift */; };
/* End PBXBuildFile section */

/* Begin PBXContainerItemProxy section */
		2F3796AD5EBD6710F98D9732 /* PBXContainerItemProxy */ = {
			isa = PBXContainerItemProxy;
			containerPortal = 0466FF5380CE0E55B9FBD58B /* Project object */;
			proxyType = 1;
			remoteGlobalIDString = 52F4F78838FAC65E6AF4A8A2;
			remoteInfo = FolderArt;
		};
/* End PBXContainerItemProxy section */

/* Begin PBXFileReference section */
		0162ABB3B341663030FD890F /* PresetStore.swift */ = {isa = PBXFileReference; lastKnownFileType = sourcecode.swift; path = PresetStore.swift; sourceTree = "<group>"; };
		03397CAD3F70160DD2C879B4 /* CompositionSettings.swift */ = {isa = PBXFileReference; lastKnownFileType = sourcecode.swift; path = CompositionSettings.swift; sourceTree = "<group>"; };
		044DE538A5614FC88683B7C0 /* FolderIconManager.swift */ = {isa = PBXFileReference; lastKnownFileType = sourcecode.swift; path = FolderIconManager.swift; sourceTree = "<group>"; };
		056AA67AC312C71036E58A65 /* MaintenanceSweep.swift */ = {isa = PBXFileReference; lastKnownFileType = sourcecode.swift; path = MaintenanceSweep.swift; sourceTree = "<group>"; };
		078CB4D0C0960A8AF20B032F /* HistoryView.swift */ = {isa = PBXFileReference; lastKnownFileType = sourcecode.swift; path = HistoryView.swift; sourceTree = "<group>"; };
		09A2D6D7F0354394BC163CA8 /* SymbolCatalog.swift */ = {isa = PBXFileReference; lastKnownFileType = sourcecode.swift; path = SymbolCatalog.swift; sourceTree = "<group>"; };
		14655BB80BEA4FC7C2C3D286 /* TestSupport.swift */ = {isa = PBXFileReference; lastKnownFileType = sourcecode.swift; path = TestSupport.swift; sourceTree = "<group>"; };
		1946BB2EC721EA592675228F /* OverlayRenderer.swift */ = {isa = PBXFileReference; lastKnownFileType = sourcecode.swift; path = OverlayRenderer.swift; sourceTree = "<group>"; };
		19A6E7CA2E739A11F5E1D1AE /* Info.plist */ = {isa = PBXFileReference; lastKnownFileType = text.plist; path = Info.plist; sourceTree = "<group>"; };
		1C5944BF34C57A82B4B69FC7 /* FolderSelectionTests.swift */ = {isa = PBXFileReference; lastKnownFileType = sourcecode.swift; path = FolderSelectionTests.swift; sourceTree = "<group>"; };
		1CB0911FF8635FF2CF356D4A /* ControlsView.swift */ = {isa = PBXFileReference; lastKnownFileType = sourcecode.swift; path = ControlsView.swift; sourceTree = "<group>"; };
		1DB1AE63EF9CAB1C55BF567E /* Preset.swift */ = {isa = PBXFileReference; lastKnownFileType = sourcecode.swift; path = Preset.swift; sourceTree = "<group>"; };
		1E18E5BA0DAEA82E40824B8A /* PreviewView.swift */ = {isa = PBXFileReference; lastKnownFileType = sourcecode.swift; path = PreviewView.swift; sourceTree = "<group>"; };
		1F5FEB1EF88C67CE6BAF8C51 /* IconTaskTests.swift */ = {isa = PBXFileReference; lastKnownFileType = sourcecode.swift; path = IconTaskTests.swift; sourceTree = "<group>"; };
		2C7DB3DC3FE5DDB6740D4C69 /* CodableColor.swift */ = {isa = PBXFileReference; lastKnownFileType = sourcecode.swift; path = CodableColor.swift; sourceTree = "<group>"; };
		2D4A42B200F3ECC9F84481CA /* HistoryStoreTests.swift */ = {isa = PBXFileReference; lastKnownFileType = sourcecode.swift; path = HistoryStoreTests.swift; sourceTree = "<group>"; };
		38A81799CE8A48D1556863A3 /* SuggestionDictionaryTests.swift */ = {isa = PBXFileReference; lastKnownFileType = sourcecode.swift; path = SuggestionDictionaryTests.swift; sourceTree = "<group>"; };
		3AB94FB8D6D12BBEB82689E8 /* SuggestionEngineTests.swift */ = {isa = PBXFileReference; lastKnownFileType = sourcecode.swift; path = SuggestionEngineTests.swift; sourceTree = "<group>"; };
		3C896FE93D4736373D7AA1BF /* SuggestionDictionary.swift */ = {isa = PBXFileReference; lastKnownFileType = sourcecode.swift; path = SuggestionDictionary.swift; sourceTree = "<group>"; };
		4110F76F80F389FC528E43DD /* OverlayTests.swift */ = {isa = PBXFileReference; lastKnownFileType = sourcecode.swift; path = OverlayTests.swift; sourceTree = "<group>"; };
		443675269CBE370462363D0D /* BookmarkManager.swift */ = {isa = PBXFileReference; lastKnownFileType = sourcecode.swift; path = BookmarkManager.swift; sourceTree = "<group>"; };
		4C0555F275B99E4B244FC7B4 /* BitmapCanvas.swift */ = {isa = PBXFileReference; lastKnownFileType = sourcecode.swift; path = BitmapCanvas.swift; sourceTree = "<group>"; };
		502339979955DC1D1A8FEBD5 /* HistoryStore.swift */ = {isa = PBXFileReference; lastKnownFileType = sourcecode.swift; path = HistoryStore.swift; sourceTree = "<group>"; };
		52036C68722BE2C67F3B7A5C /* OverlayPickerView.swift */ = {isa = PBXFileReference; lastKnownFileType = sourcecode.swift; path = OverlayPickerView.swift; sourceTree = "<group>"; };
		528F279569DB83199B8EBE70 /* ApplyCoordinatorTests.swift */ = {isa = PBXFileReference; lastKnownFileType = sourcecode.swift; path = ApplyCoordinatorTests.swift; sourceTree = "<group>"; };
		52990AC15E576E0D76436F0D /* FolderArtTests.swift */ = {isa = PBXFileReference; lastKnownFileType = sourcecode.swift; path = FolderArtTests.swift; sourceTree = "<group>"; };
		52CB486E8BF2EC081D719C26 /* PackReader.swift */ = {isa = PBXFileReference; lastKnownFileType = sourcecode.swift; path = PackReader.swift; sourceTree = "<group>"; };
		54826D182ABB56390845CFCF /* FolderArtTests.xctest */ = {isa = PBXFileReference; explicitFileType = wrapper.cfbundle; includeInIndex = 0; path = FolderArtTests.xctest; sourceTree = BUILT_PRODUCTS_DIR; };
		5756A3CABD998E75D8AD6787 /* OverlayState.swift */ = {isa = PBXFileReference; lastKnownFileType = sourcecode.swift; path = OverlayState.swift; sourceTree = "<group>"; };
		5EE02AEBFB478CDE088F1DEB /* OverlayRendererTests.swift */ = {isa = PBXFileReference; lastKnownFileType = sourcecode.swift; path = OverlayRendererTests.swift; sourceTree = "<group>"; };
		79612AA7493837023B727FF2 /* suggestions.json */ = {isa = PBXFileReference; lastKnownFileType = text.json; path = suggestions.json; sourceTree = "<group>"; };
		79B32F2E4CCED86453A4AE2A /* FolderSelection.swift */ = {isa = PBXFileReference; lastKnownFileType = sourcecode.swift; path = FolderSelection.swift; sourceTree = "<group>"; };
		7D4FBBDF58D2B44978C704EE /* PackWriter.swift */ = {isa = PBXFileReference; lastKnownFileType = sourcecode.swift; path = PackWriter.swift; sourceTree = "<group>"; };
		886BBDCAA1FFC90002F4AAAD /* AssetStoreTests.swift */ = {isa = PBXFileReference; lastKnownFileType = sourcecode.swift; path = AssetStoreTests.swift; sourceTree = "<group>"; };
		89A2A9BA2B67B7E024218066 /* SymbolCatalogTests.swift */ = {isa = PBXFileReference; lastKnownFileType = sourcecode.swift; path = SymbolCatalogTests.swift; sourceTree = "<group>"; };
		8EC0E1A55C6D47150442E2BF /* FolderListView.swift */ = {isa = PBXFileReference; lastKnownFileType = sourcecode.swift; path = FolderListView.swift; sourceTree = "<group>"; };
		924D9EE2D6BF04C5EA31EC11 /* AppIcon.icns */ = {isa = PBXFileReference; lastKnownFileType = image.icns; path = AppIcon.icns; sourceTree = "<group>"; };
		92EC6034740091CF94285965 /* ContentView.swift */ = {isa = PBXFileReference; lastKnownFileType = sourcecode.swift; path = ContentView.swift; sourceTree = "<group>"; };
		948C526800FD33239F8ECEE6 /* Overlay.swift */ = {isa = PBXFileReference; lastKnownFileType = sourcecode.swift; path = Overlay.swift; sourceTree = "<group>"; };
		96E7E61697579BBEC2656D90 /* SuggestionEngine.swift */ = {isa = PBXFileReference; lastKnownFileType = sourcecode.swift; path = SuggestionEngine.swift; sourceTree = "<group>"; };
		98D0652D0329BED1EAE76CEF /* SuggestionStripView.swift */ = {isa = PBXFileReference; lastKnownFileType = sourcecode.swift; path = SuggestionStripView.swift; sourceTree = "<group>"; };
		9BB9B14DECF02FBF3A2E5EBB /* IconTask.swift */ = {isa = PBXFileReference; lastKnownFileType = sourcecode.swift; path = IconTask.swift; sourceTree = "<group>"; };
		A1413684D8590492917E00AF /* BookmarkManagerTests.swift */ = {isa = PBXFileReference; lastKnownFileType = sourcecode.swift; path = BookmarkManagerTests.swift; sourceTree = "<group>"; };
		A9A0E82244158396C217FC8F /* DropZoneView.swift */ = {isa = PBXFileReference; lastKnownFileType = sourcecode.swift; path = DropZoneView.swift; sourceTree = "<group>"; };
		B1C5ED3EA64E6E89043EB142 /* PresetStripView.swift */ = {isa = PBXFileReference; lastKnownFileType = sourcecode.swift; path = PresetStripView.swift; sourceTree = "<group>"; };
		B2BBDA62DF07FE22FED7C65A /* ApplyCoordinator.swift */ = {isa = PBXFileReference; lastKnownFileType = sourcecode.swift; path = ApplyCoordinator.swift; sourceTree = "<group>"; };
		B2FFCE0DAEEB271B51CEAC6E /* CodableStore.swift */ = {isa = PBXFileReference; lastKnownFileType = sourcecode.swift; path = CodableStore.swift; sourceTree = "<group>"; };
		BBFC640AD6929557A5A8836B /* PresetImporterTests.swift */ = {isa = PBXFileReference; lastKnownFileType = sourcecode.swift; path = PresetImporterTests.swift; sourceTree = "<group>"; };
		C404EB929706FB4251F7441B /* FolderIconManagerTests.swift */ = {isa = PBXFileReference; lastKnownFileType = sourcecode.swift; path = FolderIconManagerTests.swift; sourceTree = "<group>"; };
		C48C29BB5C87E4E4E977BF06 /* FolderArtApp.swift */ = {isa = PBXFileReference; lastKnownFileType = sourcecode.swift; path = FolderArtApp.swift; sourceTree = "<group>"; };
		C56B6350BCEAEC37C0011C2D /* FileIdentity.swift */ = {isa = PBXFileReference; lastKnownFileType = sourcecode.swift; path = FileIdentity.swift; sourceTree = "<group>"; };
		CFF8108BC19FE668435105AF /* Suggestion.swift */ = {isa = PBXFileReference; lastKnownFileType = sourcecode.swift; path = Suggestion.swift; sourceTree = "<group>"; };
		D27276A44F5727DA9071A647 /* IconComposerTests.swift */ = {isa = PBXFileReference; lastKnownFileType = sourcecode.swift; path = IconComposerTests.swift; sourceTree = "<group>"; };
		D57AA5539BDA9678ABE895A2 /* FolderArt.entitlements */ = {isa = PBXFileReference; lastKnownFileType = text.plist.entitlements; path = FolderArt.entitlements; sourceTree = "<group>"; };
		D5D06C1860356B1F2AA71A37 /* CodableColorTests.swift */ = {isa = PBXFileReference; lastKnownFileType = sourcecode.swift; path = CodableColorTests.swift; sourceTree = "<group>"; };
		D60329359BEEEF23CBA6097C /* AppModelTests.swift */ = {isa = PBXFileReference; lastKnownFileType = sourcecode.swift; path = AppModelTests.swift; sourceTree = "<group>"; };
		DBD72D9929DA31F59FD2C696 /* SymbolGridView.swift */ = {isa = PBXFileReference; lastKnownFileType = sourcecode.swift; path = SymbolGridView.swift; sourceTree = "<group>"; };
		E11E4CC866B6C3E295A97D66 /* IconComposer.swift */ = {isa = PBXFileReference; lastKnownFileType = sourcecode.swift; path = IconComposer.swift; sourceTree = "<group>"; };
		E2E620EEF7BF40816D92451F /* FileIdentityTests.swift */ = {isa = PBXFileReference; lastKnownFileType = sourcecode.swift; path = FileIdentityTests.swift; sourceTree = "<group>"; };
		E375CA9DF3C69A4C35F16593 /* CompositionSettingsTests.swift */ = {isa = PBXFileReference; lastKnownFileType = sourcecode.swift; path = CompositionSettingsTests.swift; sourceTree = "<group>"; };
		E6C12619979901BAA4F0ACF7 /* PresetStoreTests.swift */ = {isa = PBXFileReference; lastKnownFileType = sourcecode.swift; path = PresetStoreTests.swift; sourceTree = "<group>"; };
		E6D9C6B436BD80D8EB6DA88D /* OverlayStateTests.swift */ = {isa = PBXFileReference; lastKnownFileType = sourcecode.swift; path = OverlayStateTests.swift; sourceTree = "<group>"; };
		EBD35A03399A8B8D6D621A34 /* AssetStore.swift */ = {isa = PBXFileReference; lastKnownFileType = sourcecode.swift; path = AssetStore.swift; sourceTree = "<group>"; };
		F0C60917E085AAACA1DE062B /* restricted-symbols.txt */ = {isa = PBXFileReference; lastKnownFileType = text; path = "restricted-symbols.txt"; sourceTree = "<group>"; };
		F32AF64C6BC7076BB5980869 /* CodableStoreTests.swift */ = {isa = PBXFileReference; lastKnownFileType = sourcecode.swift; path = CodableStoreTests.swift; sourceTree = "<group>"; };
		F33F3C060DF945BE5D432A72 /* Pack.swift */ = {isa = PBXFileReference; lastKnownFileType = sourcecode.swift; path = Pack.swift; sourceTree = "<group>"; };
		F4FDD32B97DE03E4B82E9256 /* PackTests.swift */ = {isa = PBXFileReference; lastKnownFileType = sourcecode.swift; path = PackTests.swift; sourceTree = "<group>"; };
		F74B732B0BC4657BE6429208 /* AppModel.swift */ = {isa = PBXFileReference; lastKnownFileType = sourcecode.swift; path = AppModel.swift; sourceTree = "<group>"; };
		F93D854D4BE08BA90FAF3C91 /* MaintenanceSweepTests.swift */ = {isa = PBXFileReference; lastKnownFileType = sourcecode.swift; path = MaintenanceSweepTests.swift; sourceTree = "<group>"; };
		FE2203683A052D8D35C6E6D1 /* PresetImporter.swift */ = {isa = PBXFileReference; lastKnownFileType = sourcecode.swift; path = PresetImporter.swift; sourceTree = "<group>"; };
		FE4637184B8117FA3861CE83 /* FolderArt.app */ = {isa = PBXFileReference; explicitFileType = wrapper.application; includeInIndex = 0; path = FolderArt.app; sourceTree = BUILT_PRODUCTS_DIR; };
/* End PBXFileReference section */

/* Begin PBXGroup section */
		207CB23F3C85B324240C55FB /* FolderArt */ = {
			isa = PBXGroup;
			children = (
				924D9EE2D6BF04C5EA31EC11 /* AppIcon.icns */,
				F74B732B0BC4657BE6429208 /* AppModel.swift */,
				92EC6034740091CF94285965 /* ContentView.swift */,
				D57AA5539BDA9678ABE895A2 /* FolderArt.entitlements */,
				C48C29BB5C87E4E4E977BF06 /* FolderArtApp.swift */,
				19A6E7CA2E739A11F5E1D1AE /* Info.plist */,
				CE85EBABE180D004D303B4C0 /* Models */,
				6F3EA0AF53103E37FB54FFF6 /* Resources */,
				45882FE93864ECC5D2A5C838 /* Services */,
				D1111541300CB15D1353099E /* State */,
				F94BF2A5DCC1FAF3FF5A1321 /* Stores */,
				BC5C4B4912438C86BA920EB4 /* Views */,
			);
			path = FolderArt;
			sourceTree = "<group>";
		};
		34416F59322AB2EAD38E6596 = {
			isa = PBXGroup;
			children = (
				207CB23F3C85B324240C55FB /* FolderArt */,
				5E1EFCAA8EA787CC384D777F /* FolderArtTests */,
				4241EEF139411EAAF57CBF50 /* Products */,
			);
			sourceTree = "<group>";
		};
		4241EEF139411EAAF57CBF50 /* Products */ = {
			isa = PBXGroup;
			children = (
				FE4637184B8117FA3861CE83 /* FolderArt.app */,
				54826D182ABB56390845CFCF /* FolderArtTests.xctest */,
			);
			name = Products;
			sourceTree = "<group>";
		};
		45882FE93864ECC5D2A5C838 /* Services */ = {
			isa = PBXGroup;
			children = (
				B2BBDA62DF07FE22FED7C65A /* ApplyCoordinator.swift */,
				4C0555F275B99E4B244FC7B4 /* BitmapCanvas.swift */,
				443675269CBE370462363D0D /* BookmarkManager.swift */,
				C56B6350BCEAEC37C0011C2D /* FileIdentity.swift */,
				044DE538A5614FC88683B7C0 /* FolderIconManager.swift */,
				E11E4CC866B6C3E295A97D66 /* IconComposer.swift */,
				056AA67AC312C71036E58A65 /* MaintenanceSweep.swift */,
				1946BB2EC721EA592675228F /* OverlayRenderer.swift */,
				52CB486E8BF2EC081D719C26 /* PackReader.swift */,
				7D4FBBDF58D2B44978C704EE /* PackWriter.swift */,
				FE2203683A052D8D35C6E6D1 /* PresetImporter.swift */,
				3C896FE93D4736373D7AA1BF /* SuggestionDictionary.swift */,
				96E7E61697579BBEC2656D90 /* SuggestionEngine.swift */,
				09A2D6D7F0354394BC163CA8 /* SymbolCatalog.swift */,
			);
			path = Services;
			sourceTree = "<group>";
		};
		5E1EFCAA8EA787CC384D777F /* FolderArtTests */ = {
			isa = PBXGroup;
			children = (
				528F279569DB83199B8EBE70 /* ApplyCoordinatorTests.swift */,
				D60329359BEEEF23CBA6097C /* AppModelTests.swift */,
				886BBDCAA1FFC90002F4AAAD /* AssetStoreTests.swift */,
				A1413684D8590492917E00AF /* BookmarkManagerTests.swift */,
				D5D06C1860356B1F2AA71A37 /* CodableColorTests.swift */,
				F32AF64C6BC7076BB5980869 /* CodableStoreTests.swift */,
				E375CA9DF3C69A4C35F16593 /* CompositionSettingsTests.swift */,
				E2E620EEF7BF40816D92451F /* FileIdentityTests.swift */,
				52990AC15E576E0D76436F0D /* FolderArtTests.swift */,
				C404EB929706FB4251F7441B /* FolderIconManagerTests.swift */,
				1C5944BF34C57A82B4B69FC7 /* FolderSelectionTests.swift */,
				2D4A42B200F3ECC9F84481CA /* HistoryStoreTests.swift */,
				D27276A44F5727DA9071A647 /* IconComposerTests.swift */,
				1F5FEB1EF88C67CE6BAF8C51 /* IconTaskTests.swift */,
				F93D854D4BE08BA90FAF3C91 /* MaintenanceSweepTests.swift */,
				5EE02AEBFB478CDE088F1DEB /* OverlayRendererTests.swift */,
				E6D9C6B436BD80D8EB6DA88D /* OverlayStateTests.swift */,
				4110F76F80F389FC528E43DD /* OverlayTests.swift */,
				F4FDD32B97DE03E4B82E9256 /* PackTests.swift */,
				BBFC640AD6929557A5A8836B /* PresetImporterTests.swift */,
				E6C12619979901BAA4F0ACF7 /* PresetStoreTests.swift */,
				38A81799CE8A48D1556863A3 /* SuggestionDictionaryTests.swift */,
				3AB94FB8D6D12BBEB82689E8 /* SuggestionEngineTests.swift */,
				89A2A9BA2B67B7E024218066 /* SymbolCatalogTests.swift */,
				14655BB80BEA4FC7C2C3D286 /* TestSupport.swift */,
			);
			path = FolderArtTests;
			sourceTree = "<group>";
		};
		6F3EA0AF53103E37FB54FFF6 /* Resources */ = {
			isa = PBXGroup;
			children = (
				F0C60917E085AAACA1DE062B /* restricted-symbols.txt */,
				79612AA7493837023B727FF2 /* suggestions.json */,
			);
			path = Resources;
			sourceTree = "<group>";
		};
		BC5C4B4912438C86BA920EB4 /* Views */ = {
			isa = PBXGroup;
			children = (
				1CB0911FF8635FF2CF356D4A /* ControlsView.swift */,
				A9A0E82244158396C217FC8F /* DropZoneView.swift */,
				8EC0E1A55C6D47150442E2BF /* FolderListView.swift */,
				078CB4D0C0960A8AF20B032F /* HistoryView.swift */,
				52036C68722BE2C67F3B7A5C /* OverlayPickerView.swift */,
				B1C5ED3EA64E6E89043EB142 /* PresetStripView.swift */,
				1E18E5BA0DAEA82E40824B8A /* PreviewView.swift */,
				98D0652D0329BED1EAE76CEF /* SuggestionStripView.swift */,
				DBD72D9929DA31F59FD2C696 /* SymbolGridView.swift */,
			);
			path = Views;
			sourceTree = "<group>";
		};
		CE85EBABE180D004D303B4C0 /* Models */ = {
			isa = PBXGroup;
			children = (
				2C7DB3DC3FE5DDB6740D4C69 /* CodableColor.swift */,
				03397CAD3F70160DD2C879B4 /* CompositionSettings.swift */,
				9BB9B14DECF02FBF3A2E5EBB /* IconTask.swift */,
				948C526800FD33239F8ECEE6 /* Overlay.swift */,
				F33F3C060DF945BE5D432A72 /* Pack.swift */,
				1DB1AE63EF9CAB1C55BF567E /* Preset.swift */,
				CFF8108BC19FE668435105AF /* Suggestion.swift */,
			);
			path = Models;
			sourceTree = "<group>";
		};
		D1111541300CB15D1353099E /* State */ = {
			isa = PBXGroup;
			children = (
				79B32F2E4CCED86453A4AE2A /* FolderSelection.swift */,
				5756A3CABD998E75D8AD6787 /* OverlayState.swift */,
			);
			path = State;
			sourceTree = "<group>";
		};
		F94BF2A5DCC1FAF3FF5A1321 /* Stores */ = {
			isa = PBXGroup;
			children = (
				EBD35A03399A8B8D6D621A34 /* AssetStore.swift */,
				B2FFCE0DAEEB271B51CEAC6E /* CodableStore.swift */,
				502339979955DC1D1A8FEBD5 /* HistoryStore.swift */,
				0162ABB3B341663030FD890F /* PresetStore.swift */,
			);
			path = Stores;
			sourceTree = "<group>";
		};
/* End PBXGroup section */

/* Begin PBXNativeTarget section */
		52F4F78838FAC65E6AF4A8A2 /* FolderArt */ = {
			isa = PBXNativeTarget;
			buildConfigurationList = 0F872181440EAE02C2E1ABD6 /* Build configuration list for PBXNativeTarget "FolderArt" */;
			buildPhases = (
				AE03F31AB1A44FC598D24F73 /* Sources */,
				D9582257D93B599E947558F2 /* Resources */,
			);
			buildRules = (
			);
			dependencies = (
			);
			name = FolderArt;
			packageProductDependencies = (
			);
			productName = FolderArt;
			productReference = FE4637184B8117FA3861CE83 /* FolderArt.app */;
			productType = "com.apple.product-type.application";
		};
		C6825A2AD1DA194530D0A953 /* FolderArtTests */ = {
			isa = PBXNativeTarget;
			buildConfigurationList = C5ED82112C1B737AB8F698E1 /* Build configuration list for PBXNativeTarget "FolderArtTests" */;
			buildPhases = (
				A0DC4B7AB27F281AEA1E93DF /* Sources */,
			);
			buildRules = (
			);
			dependencies = (
				F92903880EA7F8786ABBEE0B /* PBXTargetDependency */,
			);
			name = FolderArtTests;
			packageProductDependencies = (
			);
			productName = FolderArtTests;
			productReference = 54826D182ABB56390845CFCF /* FolderArtTests.xctest */;
			productType = "com.apple.product-type.bundle.unit-test";
		};
/* End PBXNativeTarget section */

/* Begin PBXProject section */
		0466FF5380CE0E55B9FBD58B /* Project object */ = {
			isa = PBXProject;
			attributes = {
				BuildIndependentTargetsInParallel = YES;
				LastUpgradeCheck = 1500;
				TargetAttributes = {
				};
			};
			buildConfigurationList = 78070FFCA333A2D3529FE889 /* Build configuration list for PBXProject "FolderArt" */;
			developmentRegion = en;
			hasScannedForEncodings = 0;
			knownRegions = (
				Base,
				en,
			);
			mainGroup = 34416F59322AB2EAD38E6596;
			minimizedProjectReferenceProxies = 1;
			preferredProjectObjectVersion = 77;
			productRefGroup = 4241EEF139411EAAF57CBF50 /* Products */;
			projectDirPath = "";
			projectRoot = "";
			targets = (
				52F4F78838FAC65E6AF4A8A2 /* FolderArt */,
				C6825A2AD1DA194530D0A953 /* FolderArtTests */,
			);
		};
/* End PBXProject section */

/* Begin PBXResourcesBuildPhase section */
		D9582257D93B599E947558F2 /* Resources */ = {
			isa = PBXResourcesBuildPhase;
			buildActionMask = 2147483647;
			files = (
				17A6C0A14B4FF845B273461F /* AppIcon.icns in Resources */,
				228C204E5BCD2D05C84838C2 /* restricted-symbols.txt in Resources */,
				BCC884BEC8309F2426275ECB /* suggestions.json in Resources */,
			);
			runOnlyForDeploymentPostprocessing = 0;
		};
/* End PBXResourcesBuildPhase section */

/* Begin PBXSourcesBuildPhase section */
		A0DC4B7AB27F281AEA1E93DF /* Sources */ = {
			isa = PBXSourcesBuildPhase;
			buildActionMask = 2147483647;
			files = (
				0BBEEE2F193FF01B30649432 /* AppModelTests.swift in Sources */,
				93CADD822960CA739C001168 /* ApplyCoordinatorTests.swift in Sources */,
				B519A6CF2F2CB4B1C31DE178 /* AssetStoreTests.swift in Sources */,
				29FD92412658A0AA5D3D7C7F /* BookmarkManagerTests.swift in Sources */,
				FF2B3FAA8B331CFC29108353 /* CodableColorTests.swift in Sources */,
				6D62D70A8556D0DF15E26B79 /* CodableStoreTests.swift in Sources */,
				CA0CEF06231A91F28BE15B00 /* CompositionSettingsTests.swift in Sources */,
				4DAE2B732E80BEA67DE72D86 /* FileIdentityTests.swift in Sources */,
				1F241D827E3D3188B8D32EC9 /* FolderArtTests.swift in Sources */,
				56BE7EE712939472DD7A24E5 /* FolderIconManagerTests.swift in Sources */,
				E1C67CBC82DD295E2B99CFAB /* FolderSelectionTests.swift in Sources */,
				D63271B05EC32948AA5699D5 /* HistoryStoreTests.swift in Sources */,
				22D94A204DAEA9EDC95B885E /* IconComposerTests.swift in Sources */,
				742E3A1DF583F4C388AF033F /* IconTaskTests.swift in Sources */,
				D2B921E9EE891F3E86E24E69 /* MaintenanceSweepTests.swift in Sources */,
				10051CC54025B0D4438C48DF /* OverlayRendererTests.swift in Sources */,
				60C59C040FAE20A5693B0128 /* OverlayStateTests.swift in Sources */,
				C75DC3BDDEED1C874F45C6FD /* OverlayTests.swift in Sources */,
				2BA8F98E2BBFB00329FB9AB9 /* PackTests.swift in Sources */,
				3C1DB18EEEF2C54CC1A7B134 /* PresetImporterTests.swift in Sources */,
				4F7B042A64FE8820F39F9B0A /* PresetStoreTests.swift in Sources */,
				6AB38E3C1A9D1E96DE0CE38F /* SuggestionDictionaryTests.swift in Sources */,
				68AE095A80210701F39467C4 /* SuggestionEngineTests.swift in Sources */,
				AC1F7A79E6D6FF48D620D6C1 /* SymbolCatalogTests.swift in Sources */,
				EC0C479C039CA3CAC97A9B5A /* TestSupport.swift in Sources */,
			);
			runOnlyForDeploymentPostprocessing = 0;
		};
		AE03F31AB1A44FC598D24F73 /* Sources */ = {
			isa = PBXSourcesBuildPhase;
			buildActionMask = 2147483647;
			files = (
				62F5A2EAAF5949B5B7C9AA5D /* AppModel.swift in Sources */,
				1E085A2FE04984AE7A7BF03C /* ApplyCoordinator.swift in Sources */,
				7606511DB9E310ED197C4AFD /* AssetStore.swift in Sources */,
				B11F8E9D3AA59F809A2FDB49 /* BitmapCanvas.swift in Sources */,
				2857F0EFB46B56B54184DB40 /* BookmarkManager.swift in Sources */,
				0D474C2D07F7A26E63D75712 /* CodableColor.swift in Sources */,
				9D407DB3F8AD81F2B34FE1AF /* CodableStore.swift in Sources */,
				C7ED163720D509FD3622491F /* CompositionSettings.swift in Sources */,
				951F69E25910DD6C24DB9AF5 /* ContentView.swift in Sources */,
				1A14FEFD6767D6C974EB5819 /* ControlsView.swift in Sources */,
				72268D2971AF2E0DB37123C4 /* DropZoneView.swift in Sources */,
				B967EF7413192528205016D8 /* FileIdentity.swift in Sources */,
				FCD39F7074BA23F352A74D16 /* FolderArtApp.swift in Sources */,
				7DD6BEA6B745099082DE7B7C /* FolderIconManager.swift in Sources */,
				51AEFCEB51A574101AD25DBC /* FolderListView.swift in Sources */,
				5AA64FCACB1BFB0670E149F7 /* FolderSelection.swift in Sources */,
				C2C2C06A4F730D6E9BB33088 /* HistoryStore.swift in Sources */,
				13D14D7EA7FBA6DD82D95109 /* HistoryView.swift in Sources */,
				FC1CA54974A6975956A585DE /* IconComposer.swift in Sources */,
				16B841691F974ADAFC692A31 /* IconTask.swift in Sources */,
				EB122DD5941E87901BDD373E /* MaintenanceSweep.swift in Sources */,
				DE6BDD1B58D56A95DEB816B1 /* Overlay.swift in Sources */,
				F7D6459F55FCCA1C2478C13F /* OverlayPickerView.swift in Sources */,
				4F8F30C5FF3DF177E1275132 /* OverlayRenderer.swift in Sources */,
				E9AD2EAFFA42AADE8A9FC01B /* OverlayState.swift in Sources */,
				904C581F16020CE21261E00E /* Pack.swift in Sources */,
				41E18E2B109179ED24A22461 /* PackReader.swift in Sources */,
				00F9837B481316A4C0530C31 /* PackWriter.swift in Sources */,
				1E94CC78757172E43FADBFD1 /* Preset.swift in Sources */,
				D5288870CA8B6B79063E2678 /* PresetImporter.swift in Sources */,
				1578B601468A3ACEBEA38F44 /* PresetStore.swift in Sources */,
				2A0776B44C0B36A28BC3924A /* PresetStripView.swift in Sources */,
				D9C2EA7379E6DAC82AF8C324 /* PreviewView.swift in Sources */,
				170607A212FEE28FD48AF59C /* Suggestion.swift in Sources */,
				CA29B5C1E88D6CD944DF86B1 /* SuggestionDictionary.swift in Sources */,
				52DE234466FDDD9A1FD19C7B /* SuggestionEngine.swift in Sources */,
				D4BB903736EDCD202633E4D4 /* SuggestionStripView.swift in Sources */,
				5FA6D56ACFF1D67D6B53BDC0 /* SymbolCatalog.swift in Sources */,
				A7A55AAF3C49496A09E70042 /* SymbolGridView.swift in Sources */,
			);
			runOnlyForDeploymentPostprocessing = 0;
		};
/* End PBXSourcesBuildPhase section */

/* Begin PBXTargetDependency section */
		F92903880EA7F8786ABBEE0B /* PBXTargetDependency */ = {
			isa = PBXTargetDependency;
			target = 52F4F78838FAC65E6AF4A8A2 /* FolderArt */;
			targetProxy = 2F3796AD5EBD6710F98D9732 /* PBXContainerItemProxy */;
		};
/* End PBXTargetDependency section */

/* Begin XCBuildConfiguration section */
		1FAC1FDA81AF49C182079298 /* Debug */ = {
			isa = XCBuildConfiguration;
			buildSettings = {
				BUNDLE_LOADER = "$(TEST_HOST)";
				COMBINE_HIDPI_IMAGES = YES;
				GENERATE_INFOPLIST_FILE = YES;
				LD_RUNPATH_SEARCH_PATHS = (
					"$(inherited)",
					"@executable_path/../Frameworks",
					"@loader_path/../Frameworks",
				);
				PRODUCT_BUNDLE_IDENTIFIER = com.example.FolderArtTests;
				SDKROOT = macosx;
				SWIFT_VERSION = 5.9;
				TEST_HOST = "$(BUILT_PRODUCTS_DIR)/FolderArt.app/Contents/MacOS/FolderArt";
			};
			name = Debug;
		};
		3B193AA1BB1A8C90377854C7 /* Debug */ = {
			isa = XCBuildConfiguration;
			buildSettings = {
				ASSETCATALOG_COMPILER_APPICON_NAME = AppIcon;
				CODE_SIGN_ENTITLEMENTS = FolderArt/FolderArt.entitlements;
				COMBINE_HIDPI_IMAGES = YES;
				CURRENT_PROJECT_VERSION = 5;
				ENABLE_HARDENED_RUNTIME = YES;
				INFOPLIST_FILE = FolderArt/Info.plist;
				LD_RUNPATH_SEARCH_PATHS = (
					"$(inherited)",
					"@executable_path/../Frameworks",
				);
				MARKETING_VERSION = 1.2.1;
				PRODUCT_BUNDLE_IDENTIFIER = com.example.FolderArt;
				SDKROOT = macosx;
				SWIFT_VERSION = 5.9;
			};
			name = Debug;
		};
		492802948F87B1C6FD9B9C92 /* Release */ = {
			isa = XCBuildConfiguration;
			buildSettings = {
				BUNDLE_LOADER = "$(TEST_HOST)";
				COMBINE_HIDPI_IMAGES = YES;
				GENERATE_INFOPLIST_FILE = YES;
				LD_RUNPATH_SEARCH_PATHS = (
					"$(inherited)",
					"@executable_path/../Frameworks",
					"@loader_path/../Frameworks",
				);
				PRODUCT_BUNDLE_IDENTIFIER = com.example.FolderArtTests;
				SDKROOT = macosx;
				SWIFT_VERSION = 5.9;
				TEST_HOST = "$(BUILT_PRODUCTS_DIR)/FolderArt.app/Contents/MacOS/FolderArt";
			};
			name = Release;
		};
		8FEA642BE40242D0E1C85D8F /* Release */ = {
			isa = XCBuildConfiguration;
			buildSettings = {
				ASSETCATALOG_COMPILER_APPICON_NAME = AppIcon;
				CODE_SIGN_ENTITLEMENTS = FolderArt/FolderArt.entitlements;
				COMBINE_HIDPI_IMAGES = YES;
				CURRENT_PROJECT_VERSION = 5;
				ENABLE_HARDENED_RUNTIME = YES;
				INFOPLIST_FILE = FolderArt/Info.plist;
				LD_RUNPATH_SEARCH_PATHS = (
					"$(inherited)",
					"@executable_path/../Frameworks",
				);
				MARKETING_VERSION = 1.2.1;
				PRODUCT_BUNDLE_IDENTIFIER = com.example.FolderArt;
				SDKROOT = macosx;
				SWIFT_VERSION = 5.9;
			};
			name = Release;
		};
		A7373537BFE3E11B8CC1566C /* Debug */ = {
			isa = XCBuildConfiguration;
			buildSettings = {
				ALWAYS_SEARCH_USER_PATHS = NO;
				CLANG_ANALYZER_NONNULL = YES;
				CLANG_ANALYZER_NUMBER_OBJECT_CONVERSION = YES_AGGRESSIVE;
				CLANG_CXX_LANGUAGE_STANDARD = "gnu++14";
				CLANG_CXX_LIBRARY = "libc++";
				CLANG_ENABLE_MODULES = YES;
				CLANG_ENABLE_OBJC_ARC = YES;
				CLANG_ENABLE_OBJC_WEAK = YES;
				CLANG_WARN_BLOCK_CAPTURE_AUTORELEASING = YES;
				CLANG_WARN_BOOL_CONVERSION = YES;
				CLANG_WARN_COMMA = YES;
				CLANG_WARN_CONSTANT_CONVERSION = YES;
				CLANG_WARN_DEPRECATED_OBJC_IMPLEMENTATIONS = YES;
				CLANG_WARN_DIRECT_OBJC_ISA_USAGE = YES_ERROR;
				CLANG_WARN_DOCUMENTATION_COMMENTS = YES;
				CLANG_WARN_EMPTY_BODY = YES;
				CLANG_WARN_ENUM_CONVERSION = YES;
				CLANG_WARN_INFINITE_RECURSION = YES;
				CLANG_WARN_INT_CONVERSION = YES;
				CLANG_WARN_NON_LITERAL_NULL_CONVERSION = YES;
				CLANG_WARN_OBJC_IMPLICIT_RETAIN_SELF = YES;
				CLANG_WARN_OBJC_LITERAL_CONVERSION = YES;
				CLANG_WARN_OBJC_ROOT_CLASS = YES_ERROR;
				CLANG_WARN_QUOTED_INCLUDE_IN_FRAMEWORK_HEADER = YES;
				CLANG_WARN_RANGE_LOOP_ANALYSIS = YES;
				CLANG_WARN_STRICT_PROTOTYPES = YES;
				CLANG_WARN_SUSPICIOUS_MOVE = YES;
				CLANG_WARN_UNGUARDED_AVAILABILITY = YES_AGGRESSIVE;
				CLANG_WARN_UNREACHABLE_CODE = YES;
				CLANG_WARN__DUPLICATE_METHOD_MATCH = YES;
				COPY_PHASE_STRIP = NO;
				DEBUG_INFORMATION_FORMAT = dwarf;
				ENABLE_STRICT_OBJC_MSGSEND = YES;
				ENABLE_TESTABILITY = YES;
				GCC_C_LANGUAGE_STANDARD = gnu11;
				GCC_DYNAMIC_NO_PIC = NO;
				GCC_NO_COMMON_BLOCKS = YES;
				GCC_OPTIMIZATION_LEVEL = 0;
				GCC_PREPROCESSOR_DEFINITIONS = (
					"$(inherited)",
					"DEBUG=1",
				);
				GCC_WARN_64_TO_32_BIT_CONVERSION = YES;
				GCC_WARN_ABOUT_RETURN_TYPE = YES_ERROR;
				GCC_WARN_UNDECLARED_SELECTOR = YES;
				GCC_WARN_UNINITIALIZED_AUTOS = YES_AGGRESSIVE;
				GCC_WARN_UNUSED_FUNCTION = YES;
				GCC_WARN_UNUSED_VARIABLE = YES;
				MACOSX_DEPLOYMENT_TARGET = 13.0;
				MTL_ENABLE_DEBUG_INFO = INCLUDE_SOURCE;
				MTL_FAST_MATH = YES;
				ONLY_ACTIVE_ARCH = YES;
				PRODUCT_NAME = "$(TARGET_NAME)";
				SDKROOT = macosx;
				SWIFT_ACTIVE_COMPILATION_CONDITIONS = DEBUG;
				SWIFT_OPTIMIZATION_LEVEL = "-Onone";
				SWIFT_VERSION = 5.0;
			};
			name = Debug;
		};
		A963BC69D0A675FBF89A3275 /* Release */ = {
			isa = XCBuildConfiguration;
			buildSettings = {
				ALWAYS_SEARCH_USER_PATHS = NO;
				CLANG_ANALYZER_NONNULL = YES;
				CLANG_ANALYZER_NUMBER_OBJECT_CONVERSION = YES_AGGRESSIVE;
				CLANG_CXX_LANGUAGE_STANDARD = "gnu++14";
				CLANG_CXX_LIBRARY = "libc++";
				CLANG_ENABLE_MODULES = YES;
				CLANG_ENABLE_OBJC_ARC = YES;
				CLANG_ENABLE_OBJC_WEAK = YES;
				CLANG_WARN_BLOCK_CAPTURE_AUTORELEASING = YES;
				CLANG_WARN_BOOL_CONVERSION = YES;
				CLANG_WARN_COMMA = YES;
				CLANG_WARN_CONSTANT_CONVERSION = YES;
				CLANG_WARN_DEPRECATED_OBJC_IMPLEMENTATIONS = YES;
				CLANG_WARN_DIRECT_OBJC_ISA_USAGE = YES_ERROR;
				CLANG_WARN_DOCUMENTATION_COMMENTS = YES;
				CLANG_WARN_EMPTY_BODY = YES;
				CLANG_WARN_ENUM_CONVERSION = YES;
				CLANG_WARN_INFINITE_RECURSION = YES;
				CLANG_WARN_INT_CONVERSION = YES;
				CLANG_WARN_NON_LITERAL_NULL_CONVERSION = YES;
				CLANG_WARN_OBJC_IMPLICIT_RETAIN_SELF = YES;
				CLANG_WARN_OBJC_LITERAL_CONVERSION = YES;
				CLANG_WARN_OBJC_ROOT_CLASS = YES_ERROR;
				CLANG_WARN_QUOTED_INCLUDE_IN_FRAMEWORK_HEADER = YES;
				CLANG_WARN_RANGE_LOOP_ANALYSIS = YES;
				CLANG_WARN_STRICT_PROTOTYPES = YES;
				CLANG_WARN_SUSPICIOUS_MOVE = YES;
				CLANG_WARN_UNGUARDED_AVAILABILITY = YES_AGGRESSIVE;
				CLANG_WARN_UNREACHABLE_CODE = YES;
				CLANG_WARN__DUPLICATE_METHOD_MATCH = YES;
				COPY_PHASE_STRIP = NO;
				DEBUG_INFORMATION_FORMAT = "dwarf-with-dsym";
				ENABLE_NS_ASSERTIONS = NO;
				ENABLE_STRICT_OBJC_MSGSEND = YES;
				GCC_C_LANGUAGE_STANDARD = gnu11;
				GCC_NO_COMMON_BLOCKS = YES;
				GCC_WARN_64_TO_32_BIT_CONVERSION = YES;
				GCC_WARN_ABOUT_RETURN_TYPE = YES_ERROR;
				GCC_WARN_UNDECLARED_SELECTOR = YES;
				GCC_WARN_UNINITIALIZED_AUTOS = YES_AGGRESSIVE;
				GCC_WARN_UNUSED_FUNCTION = YES;
				GCC_WARN_UNUSED_VARIABLE = YES;
				MACOSX_DEPLOYMENT_TARGET = 13.0;
				MTL_ENABLE_DEBUG_INFO = NO;
				MTL_FAST_MATH = YES;
				PRODUCT_NAME = "$(TARGET_NAME)";
				SDKROOT = macosx;
				SWIFT_COMPILATION_MODE = wholemodule;
				SWIFT_OPTIMIZATION_LEVEL = "-O";
				SWIFT_VERSION = 5.0;
			};
			name = Release;
		};
/* End XCBuildConfiguration section */

/* Begin XCConfigurationList section */
		0F872181440EAE02C2E1ABD6 /* Build configuration list for PBXNativeTarget "FolderArt" */ = {
			isa = XCConfigurationList;
			buildConfigurations = (
				3B193AA1BB1A8C90377854C7 /* Debug */,
				8FEA642BE40242D0E1C85D8F /* Release */,
			);
			defaultConfigurationIsVisible = 0;
			defaultConfigurationName = Debug;
		};
		78070FFCA333A2D3529FE889 /* Build configuration list for PBXProject "FolderArt" */ = {
			isa = XCConfigurationList;
			buildConfigurations = (
				A7373537BFE3E11B8CC1566C /* Debug */,
				A963BC69D0A675FBF89A3275 /* Release */,
			);
			defaultConfigurationIsVisible = 0;
			defaultConfigurationName = Debug;
		};
		C5ED82112C1B737AB8F698E1 /* Build configuration list for PBXNativeTarget "FolderArtTests" */ = {
			isa = XCConfigurationList;
			buildConfigurations = (
				1FAC1FDA81AF49C182079298 /* Debug */,
				492802948F87B1C6FD9B9C92 /* Release */,
			);
			defaultConfigurationIsVisible = 0;
			defaultConfigurationName = Debug;
		};
/* End XCConfigurationList section */
	};
	rootObject = 0466FF5380CE0E55B9FBD58B /* Project object */;
}
